
Microsoft Visual Studio Solution File, Format Version 12.00
# Visual Studio Version 17
VisualStudioVersion = 17.6.33801.468
MinimumVisualStudioVersion = 10.0.40219.1
Project("{9A19103F-16F7-4668-BE54-9A1E7A4F7556}") = "FrontEndApp", "FrontEndApp\FrontEndApp.csproj", "{1C267DE3-5987-40D5-90B0-78FA409984C5}"
EndProject
Project("{9A19103F-16F7-4668-BE54-9A1E7A4F7556}") = "WebApplication1", "WebApi\WebApplication1\WebApplication1.csproj", "{889DB207-763A-4190-AFB3-9CA1E14736A8}"
EndProject
Global
	GlobalSection(SolutionConfigurationPlatforms) = preSolution
		Debug|Any CPU = Debug|Any CPU
		Release|Any CPU = Release|Any CPU
	EndGlobalSection
	GlobalSection(ProjectConfigurationPlatforms) = postSolution
		{1C267DE3-5987-40D5-90B0-78FA409984C5}.Debug|Any CPU.ActiveCfg = Debug|Any CPU
		{1C267DE3-5987-40D5-90B0-78FA409984C5}.Debug|Any CPU.Build.0 = Debug|Any CPU
		{1C267DE3-5987-40D5-90B0-78FA409984C5}.Release|Any CPU.ActiveCfg = Release|Any CPU
		{1C267DE3-5987-40D5-90B0-78FA409984C5}.Release|Any CPU.Build.0 = Release|Any CPU
		{889DB207-763A-4190-AFB3-9CA1E14736A8}.Debug|Any CPU.ActiveCfg = Debug|Any CPU
		{889DB207-763A-4190-AFB3-9CA1E14736A8}.Debug|Any CPU.Build.0 = Debug|Any CPU
		{889DB207-763A-4190-AFB3-9CA1E14736A8}.Release|Any CPU.ActiveCfg = Release|Any CPU
		{889DB207-763A-4190-AFB3-9CA1E14736A8}.Release|Any CPU.Build.0 = Release|Any CPU
	EndGlobalSection
	GlobalSection(SolutionProperties) = preSolution
		HideSolutionNode = FALSE
	EndGlobalSection
	GlobalSection(ExtensibilityGlobals) = postSolution
		SolutionGuid = {4C0391B9-FE4F-49EA-9046-DC8996149B78}
	EndGlobalSection
EndGlobal
